{
  "version": 4,
  "terraform_version": "1.8.2",
  "serial": 12,
  "lineage": "be20c364-b755-0bf3-c8c2-ebf1f43e3691",
  "outputs": {},
  "resources": [
    {
      "mode": "managed",
      "type": "local_file",
      "name": "hello",
      "provider": "provider[\"registry.terraform.io/hashicorp/local\"]",
      "instances": [
        {
          "schema_version": 0,
          "attributes": {
            "content": "print('hello world!)",
            "content_base64": null,
            "content_base64sha256": "Kp1XSaunwK11AQEa32Nln0aqad5Xh7Nx50vf6ABKWMQ=",
            "content_base64sha512": "M9EFFgN021npQe+IX0VW+KIymJ6elZF2CCSkroTcrZHofZVl9Pt1F+GF63WXI9ziNBnPh6EqoPcrHjtCPm/hlA==",
            "content_md5": "d4a3d803bae8371647f4b81518f3aa3a",
            "content_sha1": "b1c20d5b2fe41a8546440a012de70ba4ffdfc4d4",
            "content_sha256": "2a9d5749aba7c0ad7501011adf63659f46aa69de5787b371e74bdfe8004a58c4",
            "content_sha512": "33d105160374db59e941ef885f4556f8a232989e9e9591760824a4ae84dcad91e87d9565f4fb7517e185eb759723dce23419cf87a12aa0f72b1e3b423e6fe194",
            "directory_permission": "0777",
            "file_permission": "0777",
            "filename": "./hello.py",
            "id": "b1c20d5b2fe41a8546440a012de70ba4ffdfc4d4",
            "sensitive_content": null,
            "source": null
          },
          "sensitive_attributes": [
            [
              {
                "type": "get_attr",
                "value": "sensitive_content"
              }
            ]
          ]
        }
      ]
    }
  ],
  "check_results": null
}
